// !$*UTF8*$!
{
	archiveVersion = 1;
	classes = {
	};
	objectVersion = 56;
	objects = {

/* Begin PBXBuildFile section */
		38B0F516298790FD00AE75DC /* AppDelegate.swift in Sources */ = {isa = PBXBuildFile; fileRef = 38B0F515298790FD00AE75DC /* AppDelegate.swift */; };
		38B0F518298790FD00AE75DC /* SceneDelegate.swift in Sources */ = {isa = PBXBuildFile; fileRef = 38B0F517298790FD00AE75DC /* SceneDelegate.swift */; };
		38B0F51A298790FD00AE75DC /* ViewController.swift in Sources */ = {isa = PBXBuildFile; fileRef = 38B0F519298790FD00AE75DC /* ViewController.swift */; };
		38B0F51D298790FD00AE75DC /* Main.storyboard in Resources */ = {isa = PBXBuildFile; fileRef = 38B0F51B298790FD00AE75DC /* Main.storyboard */; };
		38B0F520298790FD00AE75DC /* MVVMCoordinator.xcdatamodeld in Sources */ = {isa = PBXBuildFile; fileRef = 38B0F51E298790FD00AE75DC /* MVVMCoordinator.xcdatamodeld */; };
		38B0F522298790FF00AE75DC /* Assets.xcassets in Resources */ = {isa = PBXBuildFile; fileRef = 38B0F521298790FF00AE75DC /* Assets.xcassets */; };
		38B0F525298790FF00AE75DC /* LaunchScreen.storyboard in Resources */ = {isa = PBXBuildFile; fileRef = 38B0F523298790FF00AE75DC /* LaunchScreen.storyboard */; };
		38B0F52D2987910B00AE75DC /* UserModel.swift in Sources */ = {isa = PBXBuildFile; fileRef = 38B0F52C2987910B00AE75DC /* UserModel.swift */; };
		38B0F52F2987911E00AE75DC /* UserViewModel.swift in Sources */ = {isa = PBXBuildFile; fileRef = 38B0F52E2987911E00AE75DC /* UserViewModel.swift */; };
		38B0F5312987913B00AE75DC /* UserCoordinator.swift in Sources */ = {isa = PBXBuildFile; fileRef = 38B0F5302987913B00AE75DC /* UserCoordinator.swift */; };
		38B0F5332987915300AE75DC /* MainCoordinator.swift in Sources */ = {isa = PBXBuildFile; fileRef = 38B0F5322987915300AE75DC /* MainCoordinator.swift */; };
		38B0F53529879BB800AE75DC /* DetailViewController.swift in Sources */ = {isa = PBXBuildFile; fileRef = 38B0F53429879BB800AE75DC /* DetailViewController.swift */; };
		38B0F53729879BBF00AE75DC /* DetailModel.swift in Sources */ = {isa = PBXBuildFile; fileRef = 38B0F53629879BBF00AE75DC /* DetailModel.swift */; };
		38B0F53929879BC700AE75DC /* DetailViewModel.swift in Sources */ = {isa = PBXBuildFile; fileRef = 38B0F53829879BC600AE75DC /* DetailViewModel.swift */; };
		38B0F53B29879BD200AE75DC /* DetailCoordinator.swift in Sources */ = {isa = PBXBuildFile; fileRef = 38B0F53A29879BD200AE75DC /* DetailCoordinator.swift */; };
/* End PBXBuildFile section */

/* Begin PBXFileReference section */
		38B0F512298790FD00AE75DC /* MVVMCoordinator.app */ = {isa = PBXFileReference; explicitFileType = wrapper.application; includeInIndex = 0; path = MVVMCoordinator.app; sourceTree = BUILT_PRODUCTS_DIR; };
		38B0F515298790FD00AE75DC /* AppDelegate.swift */ = {isa = PBXFileReference; lastKnownFileType = sourcecode.swift; path = AppDelegate.swift; sourceTree = "<group>"; };
		38B0F517298790FD00AE75DC /* SceneDelegate.swift */ = {isa = PBXFileReference; lastKnownFileType = sourcecode.swift; path = SceneDelegate.swift; sourceTree = "<group>"; };
		38B0F519298790FD00AE75DC /* ViewController.swift */ = {isa = PBXFileReference; lastKnownFileType = sourcecode.swift; path = ViewController.swift; sourceTree = "<group>"; };
		38B0F51C298790FD00AE75DC /* Base */ = {isa = PBXFileReference; lastKnownFileType = file.storyboard; name = Base; path = Base.lproj/Main.storyboard; sourceTree = "<group>"; };
		38B0F51F298790FD00AE75DC /* MVVMCoordinator.xcdatamodel */ = {isa = PBXFileReference; lastKnownFileType = wrapper.xcdatamodel; path = MVVMCoordinator.xcdatamodel; sourceTree = "<group>"; };
		38B0F521298790FF00AE75DC /* Assets.xcassets */ = {isa = PBXFileReference; lastKnownFileType = folder.assetcatalog; path = Assets.xcassets; sourceTree = "<group>"; };
		38B0F524298790FF00AE75DC /* Base */ = {isa = PBXFileReference; lastKnownFileType = file.storyboard; name = Base; path = Base.lproj/LaunchScreen.storyboard; sourceTree = "<group>"; };
		38B0F526298790FF00AE75DC /* Info.plist */ = {isa = PBXFileReference; lastKnownFileType = text.plist.xml; path = Info.plist; sourceTree = "<group>"; };
		38B0F52C2987910B00AE75DC /* UserModel.swift */ = {isa = PBXFileReference; lastKnownFileType = sourcecode.swift; path = UserModel.swift; sourceTree = "<group>"; };
		38B0F52E2987911E00AE75DC /* UserViewModel.swift */ = {isa = PBXFileReference; lastKnownFileType = sourcecode.swift; path = UserViewModel.swift; sourceTree = "<group>"; };
		38B0F5302987913B00AE75DC /* UserCoordinator.swift */ = {isa = PBXFileReference; lastKnownFileType = sourcecode.swift; path = UserCoordinator.swift; sourceTree = "<group>"; };
		38B0F5322987915300AE75DC /* MainCoordinator.swift */ = {isa = PBXFileReference; lastKnownFileType = sourcecode.swift; path = MainCoordinator.swift; sourceTree = "<group>"; };
		38B0F53429879BB800AE75DC /* DetailViewController.swift */ = {isa = PBXFileReference; lastKnownFileType = sourcecode.swift; path = DetailViewController.swift; sourceTree = "<group>"; };
		38B0F53629879BBF00AE75DC /* DetailModel.swift */ = {isa = PBXFileReference; lastKnownFileType = sourcecode.swift; path = DetailModel.swift; sourceTree = "<group>"; };
		38B0F53829879BC600AE75DC /* DetailViewModel.swift */ = {isa = PBXFileReference; lastKnownFileType = sourcecode.swift; path = DetailViewModel.swift; sourceTree = "<group>"; };
		38B0F53A29879BD200AE75DC /* DetailCoordinator.swift */ = {isa = PBXFileReference; lastKnownFileType = sourcecode.swift; path = DetailCoordinator.swift; sourceTree = "<group>"; };
/* End PBXFileReference section */

/* Begin PBXFrameworksBuildPhase section */
		38B0F50F298790FD00AE75DC /* Frameworks */ = {
			isa = PBXFrameworksBuildPhase;
			buildActionMask = 2147483647;
			files = (
			);
			runOnlyForDeploymentPostprocessing = 0;
		};
/* End PBXFrameworksBuildPhase section */

/* Begin PBXGroup section */
		38B0F509298790FD00AE75DC = {
			isa = PBXGroup;
			children = (
				38B0F514298790FD00AE75DC /* MVVMCoordinator */,
				38B0F513298790FD00AE75DC /* Products */,
			);
			sourceTree = "<group>";
		};
		38B0F513298790FD00AE75DC /* Products */ = {
			isa = PBXGroup;
			children = (
				38B0F512298790FD00AE75DC /* MVVMCoordinator.app */,
			);
			name = Products;
			sourceTree = "<group>";
		};
		38B0F514298790FD00AE75DC /* MVVMCoordinator */ = {
			isa = PBXGroup;
			children = (
				38B0F515298790FD00AE75DC /* AppDelegate.swift */,
				38B0F517298790FD00AE75DC /* SceneDelegate.swift */,
				38B0F5322987915300AE75DC /* MainCoordinator.swift */,
				38B0F53D29879BDE00AE75DC /* User */,
				38B0F53C29879BD700AE75DC /* Detail */,
				38B0F51B298790FD00AE75DC /* Main.storyboard */,
				38B0F521298790FF00AE75DC /* Assets.xcassets */,
				38B0F523298790FF00AE75DC /* LaunchScreen.storyboard */,
				38B0F526298790FF00AE75DC /* Info.plist */,
				38B0F51E298790FD00AE75DC /* MVVMCoordinator.xcdatamodeld */,
			);
			path = MVVMCoordinator;
			sourceTree = "<group>";
		};
		38B0F53C29879BD700AE75DC /* Detail */ = {
			isa = PBXGroup;
			children = (
				38B0F53429879BB800AE75DC /* DetailViewController.swift */,
				38B0F53A29879BD200AE75DC /* DetailCoordinator.swift */,
				38B0F53629879BBF00AE75DC /* DetailModel.swift */,
				38B0F53829879BC600AE75DC /* DetailViewModel.swift */,
			);
			path = Detail;
			sourceTree = "<group>";
		};
		38B0F53D29879BDE00AE75DC /* User */ = {
			isa = PBXGroup;
			children = (
				38B0F519298790FD00AE75DC /* ViewController.swift */,
				38B0F52C2987910B00AE75DC /* UserModel.swift */,
				38B0F5302987913B00AE75DC /* UserCoordinator.swift */,
				38B0F52E2987911E00AE75DC /* UserViewModel.swift */,
			);
			path = User;
			sourceTree = "<group>";
		};
/* End PBXGroup section */

/* Begin PBXNativeTarget section */
		38B0F511298790FD00AE75DC /* MVVMCoordinator */ = {
			isa = PBXNativeTarget;
			buildConfigurationList = 38B0F529298790FF00AE75DC /* Build configuration list for PBXNativeTarget "MVVMCoordinator" */;
			buildPhases = (
				38B0F50E298790FD00AE75DC /* Sources */,
				38B0F50F298790FD00AE75DC /* Frameworks */,
				38B0F510298790FD00AE75DC /* Resources */,
			);
			buildRules = (
			);
			dependencies = (
			);
			name = MVVMCoordinator;
			productName = MVVMCoordinator;
			productReference = 38B0F512298790FD00AE75DC /* MVVMCoordinator.app */;
			productType = "com.apple.product-type.application";
		};
/* End PBXNativeTarget section */

/* Begin PBXProject section */
		38B0F50A298790FD00AE75DC /* Project object */ = {
			isa = PBXProject;
			attributes = {
				BuildIndependentTargetsInParallel = 1;
				LastSwiftUpdateCheck = 1410;
				LastUpgradeCheck = 1410;
				TargetAttributes = {
					38B0F511298790FD00AE75DC = {
						CreatedOnToolsVersion = 14.1;
					};
				};
			};
			buildConfigurationList = 38B0F50D298790FD00AE75DC /* Build configuration list for PBXProject "MVVMCoordinator" */;
			compatibilityVersion = "Xcode 14.0";
			developmentRegion = en;
			hasScannedForEncodings = 0;
			knownRegions = (
				en,
				Base,
			);
			mainGroup = 38B0F509298790FD00AE75DC;
			productRefGroup = 38B0F513298790FD00AE75DC /* Products */;
			projectDirPath = "";
			projectRoot = "";
			targets = (
				38B0F511298790FD00AE75DC /* MVVMCoordinator */,
			);
		};
/* End PBXProject section */

/* Begin PBXResourcesBuildPhase section */
		38B0F510298790FD00AE75DC /* Resources */ = {
			isa = PBXResourcesBuildPhase;
			buildActionMask = 2147483647;
			files = (
				38B0F525298790FF00AE75DC /* LaunchScreen.storyboard in Resources */,
				38B0F522298790FF00AE75DC /* Assets.xcassets in Resources */,
				38B0F51D298790FD00AE75DC /* Main.storyboard in Resources */,
			);
			runOnlyForDeploymentPostprocessing = 0;
		};
/* End PBXResourcesBuildPhase section */

/* Begin PBXSourcesBuildPhase section */
		38B0F50E298790FD00AE75DC /* Sources */ = {
			isa = PBXSourcesBuildPhase;
			buildActionMask = 2147483647;
			files = (
				38B0F53529879BB800AE75DC /* DetailViewController.swift in Sources */,
				38B0F51A298790FD00AE75DC /* ViewController.swift in Sources */,
				38B0F5332987915300AE75DC /* MainCoordinator.swift in Sources */,
				38B0F52F2987911E00AE75DC /* UserViewModel.swift in Sources */,
				38B0F5312987913B00AE75DC /* UserCoordinator.swift in Sources */,
				38B0F516298790FD00AE75DC /* AppDelegate.swift in Sources */,
				38B0F53729879BBF00AE75DC /* DetailModel.swift in Sources */,
				38B0F520298790FD00AE75DC /* MVVMCoordinator.xcdatamodeld in Sources */,
				38B0F52D2987910B00AE75DC /* UserModel.swift in Sources */,
				38B0F53B29879BD200AE75DC /* DetailCoordinator.swift in Sources */,
				38B0F53929879BC700AE75DC /* DetailViewModel.swift in Sources */,
				38B0F518298790FD00AE75DC /* SceneDelegate.swift in Sources */,
			);
			runOnlyForDeploymentPostprocessing = 0;
		};
/* End PBXSourcesBuildPhase section */

/* Begin PBXVariantGroup section */
		38B0F51B298790FD00AE75DC /* Main.storyboard */ = {
			isa = PBXVariantGroup;
			children = (
				38B0F51C298790FD00AE75DC /* Base */,
			);
			name = Main.storyboard;
			sourceTree = "<group>";
		};
		38B0F523298790FF00AE75DC /* LaunchScreen.storyboard */ = {
			isa = PBXVariantGroup;
			children = (
				38B0F524298790FF00AE75DC /* Base */,
			);
			name = LaunchScreen.storyboard;
			sourceTree = "<group>";
		};
/* End PBXVariantGroup section */

/* Begin XCBuildConfiguration section */
		38B0F527298790FF00AE75DC /* Debug */ = {
			isa = XCBuildConfiguration;
			buildSettings = {
				ALWAYS_SEARCH_USER_PATHS = NO;
				CLANG_ANALYZER_NONNULL = YES;
				CLANG_ANALYZER_NUMBER_OBJECT_CONVERSION = YES_AGGRESSIVE;
				CLANG_CXX_LANGUAGE_STANDARD = "gnu++20";
				CLANG_ENABLE_MODULES = YES;
				CLANG_ENABLE_OBJC_ARC = YES;
				CLANG_ENABLE_OBJC_WEAK = YES;
				CLANG_WARN_BLOCK_CAPTURE_AUTORELEASING = YES;
				CLANG_WARN_BOOL_CONVERSION = YES;
				CLANG_WARN_COMMA = YES;
				CLANG_WARN_CONSTANT_CONVERSION = YES;
				CLANG_WARN_DEPRECATED_OBJC_IMPLEMENTATIONS = YES;
				CLANG_WARN_DIRECT_OBJC_ISA_USAGE = YES_ERROR;
				CLANG_WARN_DOCUMENTATION_COMMENTS = YES;
				CLANG_WARN_EMPTY_BODY = YES;
				CLANG_WARN_ENUM_CONVERSION = YES;
				CLANG_WARN_INFINITE_RECURSION = YES;
				CLANG_WARN_INT_CONVERSION = YES;
				CLANG_WARN_NON_LITERAL_NULL_CONVERSION = YES;
				CLANG_WARN_OBJC_IMPLICIT_RETAIN_SELF = YES;
				CLANG_WARN_OBJC_LITERAL_CONVERSION = YES;
				CLANG_WARN_OBJC_ROOT_CLASS = YES_ERROR;
				CLANG_WARN_QUOTED_INCLUDE_IN_FRAMEWORK_HEADER = YES;
				CLANG_WARN_RANGE_LOOP_ANALYSIS = YES;
				CLANG_WARN_STRICT_PROTOTYPES = YES;
				CLANG_WARN_SUSPICIOUS_MOVE = YES;
				CLANG_WARN_UNGUARDED_AVAILABILITY = YES_AGGRESSIVE;
				CLANG_WARN_UNREACHABLE_CODE = YES;
				CLANG_WARN__DUPLICATE_METHOD_MATCH = YES;
				COPY_PHASE_STRIP = NO;
				DEBUG_INFORMATION_FORMAT = dwarf;
				ENABLE_STRICT_OBJC_MSGSEND = YES;
				ENABLE_TESTABILITY = YES;
				GCC_C_LANGUAGE_STANDARD = gnu11;
				GCC_DYNAMIC_NO_PIC = NO;
				GCC_NO_COMMON_BLOCKS = YES;
				GCC_OPTIMIZATION_LEVEL = 0;
				GCC_PREPROCESSOR_DEFINITIONS = (
					"DEBUG=1",
					"$(inherited)",
				);
				GCC_WARN_64_TO_32_BIT_CONVERSION = YES;
				GCC_WARN_ABOUT_RETURN_TYPE = YES_ERROR;
				GCC_WARN_UNDECLARED_SELECTOR = YES;
				GCC_WARN_UNINITIALIZED_AUTOS = YES_AGGRESSIVE;
				GCC_WARN_UNUSED_FUNCTION = YES;
				GCC_WARN_UNUSED_VARIABLE = YES;
				IPHONEOS_DEPLOYMENT_TARGET = 16.1;
				MTL_ENABLE_DEBUG_INFO = INCLUDE_SOURCE;
				MTL_FAST_MATH = YES;
				ONLY_ACTIVE_ARCH = YES;
				SDKROOT = iphoneos;
				SWIFT_ACTIVE_COMPILATION_CONDITIONS = DEBUG;
				SWIFT_OPTIMIZATION_LEVEL = "-Onone";
			};
			name = Debug;
		};
		38B0F528298790FF00AE75DC /* Release */ = {
			isa = XCBuildConfiguration;
			buildSettings = {
				ALWAYS_SEARCH_USER_PATHS = NO;
				CLANG_ANALYZER_NONNULL = YES;
				CLANG_ANALYZER_NUMBER_OBJECT_CONVERSION = YES_AGGRESSIVE;
				CLANG_CXX_LANGUAGE_STANDARD = "gnu++20";
				CLANG_ENABLE_MODULES = YES;
				CLANG_ENABLE_OBJC_ARC = YES;
				CLANG_ENABLE_OBJC_WEAK = YES;
				CLANG_WARN_BLOCK_CAPTURE_AUTORELEASING = YES;
				CLANG_WARN_BOOL_CONVERSION = YES;
				CLANG_WARN_COMMA = YES;
				CLANG_WARN_CONSTANT_CONVERSION = YES;
				CLANG_WARN_DEPRECATED_OBJC_IMPLEMENTATIONS = YES;
				CLANG_WARN_DIRECT_OBJC_ISA_USAGE = YES_ERROR;
				CLANG_WARN_DOCUMENTATION_COMMENTS = YES;
				CLANG_WARN_EMPTY_BODY = YES;
				CLANG_WARN_ENUM_CONVERSION = YES;
				CLANG_WARN_INFINITE_RECURSION = YES;
				CLANG_WARN_INT_CONVERSION = YES;
				CLANG_WARN_NON_LITERAL_NULL_CONVERSION = YES;
				CLANG_WARN_OBJC_IMPLICIT_RETAIN_SELF = YES;
				CLANG_WARN_OBJC_LITERAL_CONVERSION = YES;
				CLANG_WARN_OBJC_ROOT_CLASS = YES_ERROR;
				CLANG_WARN_QUOTED_INCLUDE_IN_FRAMEWORK_HEADER = YES;
				CLANG_WARN_RANGE_LOOP_ANALYSIS = YES;
				CLANG_WARN_STRICT_PROTOTYPES = YES;
				CLANG_WARN_SUSPICIOUS_MOVE = YES;
				CLANG_WARN_UNGUARDED_AVAILABILITY = YES_AGGRESSIVE;
				CLANG_WARN_UNREACHABLE_CODE = YES;
				CLANG_WARN__DUPLICATE_METHOD_MATCH = YES;
				COPY_PHASE_STRIP = NO;
				DEBUG_INFORMATION_FORMAT = "dwarf-with-dsym";
				ENABLE_NS_ASSERTIONS = NO;
				ENABLE_STRICT_OBJC_MSGSEND = YES;
				GCC_C_LANGUAGE_STANDARD = gnu11;
				GCC_NO_COMMON_BLOCKS = YES;
				GCC_WARN_64_TO_32_BIT_CONVERSION = YES;
				GCC_WARN_ABOUT_RETURN_TYPE = YES_ERROR;
				GCC_WARN_UNDECLARED_SELECTOR = YES;
				GCC_WARN_UNINITIALIZED_AUTOS = YES_AGGRESSIVE;
				GCC_WARN_UNUSED_FUNCTION = YES;
				GCC_WARN_UNUSED_VARIABLE = YES;
				IPHONEOS_DEPLOYMENT_TARGET = 16.1;
				MTL_ENABLE_DEBUG_INFO = NO;
				MTL_FAST_MATH = YES;
				SDKROOT = iphoneos;
				SWIFT_COMPILATION_MODE = wholemodule;
				SWIFT_OPTIMIZATION_LEVEL = "-O";
				VALIDATE_PRODUCT = YES;
			};
			name = Release;
		};
		38B0F52A298790FF00AE75DC /* Debug */ = {
			isa = XCBuildConfiguration;
			buildSettings = {
				ASSETCATALOG_COMPILER_APPICON_NAME = AppIcon;
				ASSETCATALOG_COMPILER_GLOBAL_ACCENT_COLOR_NAME = AccentColor;
				CODE_SIGN_STYLE = Automatic;
				CURRENT_PROJECT_VERSION = 1;
				GENERATE_INFOPLIST_FILE = YES;
				INFOPLIST_FILE = MVVMCoordinator/Info.plist;
				INFOPLIST_KEY_UIApplicationSupportsIndirectInputEvents = YES;
				INFOPLIST_KEY_UILaunchStoryboardName = LaunchScreen;
				INFOPLIST_KEY_UIMainStoryboardFile = Main;
				INFOPLIST_KEY_UISupportedInterfaceOrientations_iPad = "UIInterfaceOrientationPortrait UIInterfaceOrientationPortraitUpsideDown UIInterfaceOrientationLandscapeLeft UIInterfaceOrientationLandscapeRight";
				INFOPLIST_KEY_UISupportedInterfaceOrientations_iPhone = "UIInterfaceOrientationPortrait UIInterfaceOrientationLandscapeLeft UIInterfaceOrientationLandscapeRight";
				LD_RUNPATH_SEARCH_PATHS = (
					"$(inherited)",
					"@executable_path/Frameworks",
				);
				MARKETING_VERSION = 1.0;
				PRODUCT_BUNDLE_IDENTIFIER = com.MVVMCoordinator;
				PRODUCT_NAME = "$(TARGET_NAME)";
				SWIFT_EMIT_LOC_STRINGS = YES;
				SWIFT_VERSION = 5.0;
				TARGETED_DEVICE_FAMILY = "1,2";
			};
			name = Debug;
		};
		38B0F52B298790FF00AE75DC /* Release */ = {
			isa = XCBuildConfiguration;
			buildSettings = {
				ASSETCATALOG_COMPILER_APPICON_NAME = AppIcon;
				ASSETCATALOG_COMPILER_GLOBAL_ACCENT_COLOR_NAME = AccentColor;
				CODE_SIGN_STYLE = Automatic;
				CURRENT_PROJECT_VERSION = 1;
				GENERATE_INFOPLIST_FILE = YES;
				INFOPLIST_FILE = MVVMCoordinator/Info.plist;
				INFOPLIST_KEY_UIApplicationSupportsIndirectInputEvents = YES;
				INFOPLIST_KEY_UILaunchStoryboardName = LaunchScreen;
				INFOPLIST_KEY_UIMainStoryboardFile = Main;
				INFOPLIST_KEY_UISupportedInterfaceOrientations_iPad = "UIInterfaceOrientationPortrait UIInterfaceOrientationPortraitUpsideDown UIInterfaceOrientationLandscapeLeft UIInterfaceOrientationLandscapeRight";
				INFOPLIST_KEY_UISupportedInterfaceOrientations_iPhone = "UIInterfaceOrientationPortrait UIInterfaceOrientationLandscapeLeft UIInterfaceOrientationLandscapeRight";
				LD_RUNPATH_SEARCH_PATHS = (
					"$(inherited)",
					"@executable_path/Frameworks",
				);
				MARKETING_VERSION = 1.0;
				PRODUCT_BUNDLE_IDENTIFIER = com.MVVMCoordinator;
				PRODUCT_NAME = "$(TARGET_NAME)";
				SWIFT_EMIT_LOC_STRINGS = YES;
				SWIFT_VERSION = 5.0;
				TARGETED_DEVICE_FAMILY = "1,2";
			};
			name = Release;
		};
/* End XCBuildConfiguration section */

/* Begin XCConfigurationList section */
		38B0F50D298790FD00AE75DC /* Build configuration list for PBXProject "MVVMCoordinator" */ = {
			isa = XCConfigurationList;
			buildConfigurations = (
				38B0F527298790FF00AE75DC /* Debug */,
				38B0F528298790FF00AE75DC /* Release */,
			);
			defaultConfigurationIsVisible = 0;
			defaultConfigurationName = Release;
		};
		38B0F529298790FF00AE75DC /* Build configuration list for PBXNativeTarget "MVVMCoordinator" */ = {
			isa = XCConfigurationList;
			buildConfigurations = (
				38B0F52A298790FF00AE75DC /* Debug */,
				38B0F52B298790FF00AE75DC /* Release */,
			);
			defaultConfigurationIsVisible = 0;
			defaultConfigurationName = Release;
		};
/* End XCConfigurationList section */

/* Begin XCVersionGroup section */
		38B0F51E298790FD00AE75DC /* MVVMCoordinator.xcdatamodeld */ = {
			isa = XCVersionGroup;
			children = (
				38B0F51F298790FD00AE75DC /* MVVMCoordinator.xcdatamodel */,
			);
			currentVersion = 38B0F51F298790FD00AE75DC /* MVVMCoordinator.xcdatamodel */;
			path = MVVMCoordinator.xcdatamodeld;
			sourceTree = "<group>";
			versionGroupType = wrapper.xcdatamodel;
		};
/* End XCVersionGroup section */
	};
	rootObject = 38B0F50A298790FD00AE75DC /* Project object */;
}
